Microsoft Visual Studio Solution File, Format Version 12.00
# Visual Studio 16
Project("{2150E333-8FDC-42A3-9474-1A3956D46DE8}") = "CMakePredefinedTargets", "CMakePredefinedTargets", "{6C620653-AFF0-3F3B-A4AA-A38B42E514F4}"
EndProject
Project("{2150E333-8FDC-42A3-9474-1A3956D46DE8}") = "External", "External", "{B51F7800-EF8A-351C-911C-F663AD10FE0A}"
EndProject
Project("{2150E333-8FDC-42A3-9474-1A3956D46DE8}") = "Internal", "Internal", "{3FEA08CA-0CB3-3B1C-9549-313072945815}"
EndProject
Project("{8BC9CEB8-8B4A-11D0-8D11-00A0C91BC942}") = "ALL_BUILD", "ALL_BUILD.vcxproj", "{6CFA391B-A76D-3324-803A-254698824295}"
	ProjectSection(ProjectDependencies) = postProject
		{ED6A12B9-DF8B-3704-8719-2B5AD6445B4C} = {ED6A12B9-DF8B-3704-8719-2B5AD6445B4C}
		{9109BADD-BCE2-39B9-94E3-2229117725AD} = {9109BADD-BCE2-39B9-94E3-2229117725AD}
		{24C3C18F-3467-3838-B750-9ED9D3E6F37D} = {24C3C18F-3467-3838-B750-9ED9D3E6F37D}
		{E3643AC9-F593-3EDD-AAD3-73493B863A6F} = {E3643AC9-F593-3EDD-AAD3-73493B863A6F}
		{A246074D-217F-3D90-80E3-F7EA067E743F} = {A246074D-217F-3D90-80E3-F7EA067E743F}
		{1D6712F2-ABFE-3A29-AE5E-B56236AA5A00} = {1D6712F2-ABFE-3A29-AE5E-B56236AA5A00}
		{7B8999FF-519E-3548-AAD7-5F253BED7700} = {7B8999FF-519E-3548-AAD7-5F253BED7700}
		{1A378E98-1064-38E1-A552-7657A9049B43} = {1A378E98-1064-38E1-A552-7657A9049B43}
		{BC70EA17-1733-327B-B375-37905C13F9BD} = {BC70EA17-1733-327B-B375-37905C13F9BD}
		{BFD14745-FDCB-3A81-9C36-C9756A4B3F66} = {BFD14745-FDCB-3A81-9C36-C9756A4B3F66}
		{DB647F4E-9F52-3E18-94DA-0059F82916CF} = {DB647F4E-9F52-3E18-94DA-0059F82916CF}
		{40D00907-010B-3F3B-A94D-43B99BD38A8C} = {40D00907-010B-3F3B-A94D-43B99BD38A8C}
		{6525A8C3-550E-3BCD-B36B-C3E9883FA1E4} = {6525A8C3-550E-3BCD-B36B-C3E9883FA1E4}
		{7B46316B-C685-3357-9B4F-D2FE52EBBA1F} = {7B46316B-C685-3357-9B4F-D2FE52EBBA1F}
	EndProjectSection
EndProject
Project("{8BC9CEB8-8B4A-11D0-8D11-00A0C91BC942}") = "ZERO_CHECK", "ZERO_CHECK.vcxproj", "{ED6A12B9-DF8B-3704-8719-2B5AD6445B4C}"
	ProjectSection(ProjectDependencies) = postProject
	EndProjectSection
EndProject
Project("{8BC9CEB8-8B4A-11D0-8D11-00A0C91BC942}") = "cocos2d", "engine\cocos\core\cocos2d.vcxproj", "{9109BADD-BCE2-39B9-94E3-2229117725AD}"
	ProjectSection(ProjectDependencies) = postProject
		{ED6A12B9-DF8B-3704-8719-2B5AD6445B4C} = {ED6A12B9-DF8B-3704-8719-2B5AD6445B4C}
		{24C3C18F-3467-3838-B750-9ED9D3E6F37D} = {24C3C18F-3467-3838-B750-9ED9D3E6F37D}
		{E3643AC9-F593-3EDD-AAD3-73493B863A6F} = {E3643AC9-F593-3EDD-AAD3-73493B863A6F}
		{A246074D-217F-3D90-80E3-F7EA067E743F} = {A246074D-217F-3D90-80E3-F7EA067E743F}
		{1D6712F2-ABFE-3A29-AE5E-B56236AA5A00} = {1D6712F2-ABFE-3A29-AE5E-B56236AA5A00}
		{7B8999FF-519E-3548-AAD7-5F253BED7700} = {7B8999FF-519E-3548-AAD7-5F253BED7700}
		{1A378E98-1064-38E1-A552-7657A9049B43} = {1A378E98-1064-38E1-A552-7657A9049B43}
		{BC70EA17-1733-327B-B375-37905C13F9BD} = {BC70EA17-1733-327B-B375-37905C13F9BD}
		{BFD14745-FDCB-3A81-9C36-C9756A4B3F66} = {BFD14745-FDCB-3A81-9C36-C9756A4B3F66}
		{DB647F4E-9F52-3E18-94DA-0059F82916CF} = {DB647F4E-9F52-3E18-94DA-0059F82916CF}
		{40D00907-010B-3F3B-A94D-43B99BD38A8C} = {40D00907-010B-3F3B-A94D-43B99BD38A8C}
		{6525A8C3-550E-3BCD-B36B-C3E9883FA1E4} = {6525A8C3-550E-3BCD-B36B-C3E9883FA1E4}
	EndProjectSection
EndProject
Project("{8BC9CEB8-8B4A-11D0-8D11-00A0C91BC942}") = "ext_clipper", "engine\external\clipper\ext_clipper.vcxproj", "{24C3C18F-3467-3838-B750-9ED9D3E6F37D}"
	ProjectSection(ProjectDependencies) = postProject
		{ED6A12B9-DF8B-3704-8719-2B5AD6445B4C} = {ED6A12B9-DF8B-3704-8719-2B5AD6445B4C}
	EndProjectSection
EndProject
Project("{8BC9CEB8-8B4A-11D0-8D11-00A0C91BC942}") = "ext_convertUTF", "engine\external\ConvertUTF\ext_convertUTF.vcxproj", "{E3643AC9-F593-3EDD-AAD3-73493B863A6F}"
	ProjectSection(ProjectDependencies) = postProject
		{ED6A12B9-DF8B-3704-8719-2B5AD6445B4C} = {ED6A12B9-DF8B-3704-8719-2B5AD6445B4C}
	EndProjectSection
EndProject
Project("{8BC9CEB8-8B4A-11D0-8D11-00A0C91BC942}") = "ext_edtaa3func", "engine\external\edtaa3func\ext_edtaa3func.vcxproj", "{A246074D-217F-3D90-80E3-F7EA067E743F}"
	ProjectSection(ProjectDependencies) = postProject
		{ED6A12B9-DF8B-3704-8719-2B5AD6445B4C} = {ED6A12B9-DF8B-3704-8719-2B5AD6445B4C}
	EndProjectSection
EndProject
Project("{8BC9CEB8-8B4A-11D0-8D11-00A0C91BC942}") = "ext_md5", "engine\external\md5\ext_md5.vcxproj", "{1D6712F2-ABFE-3A29-AE5E-B56236AA5A00}"
	ProjectSection(ProjectDependencies) = postProject
		{ED6A12B9-DF8B-3704-8719-2B5AD6445B4C} = {ED6A12B9-DF8B-3704-8719-2B5AD6445B4C}
	EndProjectSection
EndProject
Project("{8BC9CEB8-8B4A-11D0-8D11-00A0C91BC942}") = "ext_poly2tri", "engine\external\poly2tri\ext_poly2tri.vcxproj", "{7B8999FF-519E-3548-AAD7-5F253BED7700}"
	ProjectSection(ProjectDependencies) = postProject
		{ED6A12B9-DF8B-3704-8719-2B5AD6445B4C} = {ED6A12B9-DF8B-3704-8719-2B5AD6445B4C}
	EndProjectSection
EndProject
Project("{8BC9CEB8-8B4A-11D0-8D11-00A0C91BC942}") = "ext_recast", "engine\external\recast\ext_recast.vcxproj", "{1A378E98-1064-38E1-A552-7657A9049B43}"
	ProjectSection(ProjectDependencies) = postProject
		{ED6A12B9-DF8B-3704-8719-2B5AD6445B4C} = {ED6A12B9-DF8B-3704-8719-2B5AD6445B4C}
	EndProjectSection
EndProject
Project("{8BC9CEB8-8B4A-11D0-8D11-00A0C91BC942}") = "ext_tinyxml2", "engine\external\tinyxml2\ext_tinyxml2.vcxproj", "{BC70EA17-1733-327B-B375-37905C13F9BD}"
	ProjectSection(ProjectDependencies) = postProject
		{ED6A12B9-DF8B-3704-8719-2B5AD6445B4C} = {ED6A12B9-DF8B-3704-8719-2B5AD6445B4C}
	EndProjectSection
EndProject
Project("{8BC9CEB8-8B4A-11D0-8D11-00A0C91BC942}") = "ext_unzip", "engine\external\unzip\ext_unzip.vcxproj", "{BFD14745-FDCB-3A81-9C36-C9756A4B3F66}"
	ProjectSection(ProjectDependencies) = postProject
		{ED6A12B9-DF8B-3704-8719-2B5AD6445B4C} = {ED6A12B9-DF8B-3704-8719-2B5AD6445B4C}
	EndProjectSection
EndProject
Project("{8BC9CEB8-8B4A-11D0-8D11-00A0C91BC942}") = "ext_xxhash", "engine\external\xxhash\ext_xxhash.vcxproj", "{DB647F4E-9F52-3E18-94DA-0059F82916CF}"
	ProjectSection(ProjectDependencies) = postProject
		{ED6A12B9-DF8B-3704-8719-2B5AD6445B4C} = {ED6A12B9-DF8B-3704-8719-2B5AD6445B4C}
	EndProjectSection
EndProject
Project("{8BC9CEB8-8B4A-11D0-8D11-00A0C91BC942}") = "ext_xxtea", "engine\external\xxtea\ext_xxtea.vcxproj", "{40D00907-010B-3F3B-A94D-43B99BD38A8C}"
	ProjectSection(ProjectDependencies) = postProject
		{ED6A12B9-DF8B-3704-8719-2B5AD6445B4C} = {ED6A12B9-DF8B-3704-8719-2B5AD6445B4C}
	EndProjectSection
EndProject
Project("{8BC9CEB8-8B4A-11D0-8D11-00A0C91BC942}") = "external", "engine\external\external.vcxproj", "{6525A8C3-550E-3BCD-B36B-C3E9883FA1E4}"
	ProjectSection(ProjectDependencies) = postProject
		{ED6A12B9-DF8B-3704-8719-2B5AD6445B4C} = {ED6A12B9-DF8B-3704-8719-2B5AD6445B4C}
		{24C3C18F-3467-3838-B750-9ED9D3E6F37D} = {24C3C18F-3467-3838-B750-9ED9D3E6F37D}
		{E3643AC9-F593-3EDD-AAD3-73493B863A6F} = {E3643AC9-F593-3EDD-AAD3-73493B863A6F}
		{A246074D-217F-3D90-80E3-F7EA067E743F} = {A246074D-217F-3D90-80E3-F7EA067E743F}
		{1D6712F2-ABFE-3A29-AE5E-B56236AA5A00} = {1D6712F2-ABFE-3A29-AE5E-B56236AA5A00}
		{7B8999FF-519E-3548-AAD7-5F253BED7700} = {7B8999FF-519E-3548-AAD7-5F253BED7700}
		{1A378E98-1064-38E1-A552-7657A9049B43} = {1A378E98-1064-38E1-A552-7657A9049B43}
		{BC70EA17-1733-327B-B375-37905C13F9BD} = {BC70EA17-1733-327B-B375-37905C13F9BD}
		{BFD14745-FDCB-3A81-9C36-C9756A4B3F66} = {BFD14745-FDCB-3A81-9C36-C9756A4B3F66}
		{DB647F4E-9F52-3E18-94DA-0059F82916CF} = {DB647F4E-9F52-3E18-94DA-0059F82916CF}
		{40D00907-010B-3F3B-A94D-43B99BD38A8C} = {40D00907-010B-3F3B-A94D-43B99BD38A8C}
	EndProjectSection
EndProject
Project("{8BC9CEB8-8B4A-11D0-8D11-00A0C91BC942}") = "soulKnight", "soulKnight.vcxproj", "{7B46316B-C685-3357-9B4F-D2FE52EBBA1F}"
	ProjectSection(ProjectDependencies) = postProject
		{ED6A12B9-DF8B-3704-8719-2B5AD6445B4C} = {ED6A12B9-DF8B-3704-8719-2B5AD6445B4C}
		{9109BADD-BCE2-39B9-94E3-2229117725AD} = {9109BADD-BCE2-39B9-94E3-2229117725AD}
		{24C3C18F-3467-3838-B750-9ED9D3E6F37D} = {24C3C18F-3467-3838-B750-9ED9D3E6F37D}
		{E3643AC9-F593-3EDD-AAD3-73493B863A6F} = {E3643AC9-F593-3EDD-AAD3-73493B863A6F}
		{A246074D-217F-3D90-80E3-F7EA067E743F} = {A246074D-217F-3D90-80E3-F7EA067E743F}
		{1D6712F2-ABFE-3A29-AE5E-B56236AA5A00} = {1D6712F2-ABFE-3A29-AE5E-B56236AA5A00}
		{7B8999FF-519E-3548-AAD7-5F253BED7700} = {7B8999FF-519E-3548-AAD7-5F253BED7700}
		{1A378E98-1064-38E1-A552-7657A9049B43} = {1A378E98-1064-38E1-A552-7657A9049B43}
		{BC70EA17-1733-327B-B375-37905C13F9BD} = {BC70EA17-1733-327B-B375-37905C13F9BD}
		{BFD14745-FDCB-3A81-9C36-C9756A4B3F66} = {BFD14745-FDCB-3A81-9C36-C9756A4B3F66}
		{DB647F4E-9F52-3E18-94DA-0059F82916CF} = {DB647F4E-9F52-3E18-94DA-0059F82916CF}
		{40D00907-010B-3F3B-A94D-43B99BD38A8C} = {40D00907-010B-3F3B-A94D-43B99BD38A8C}
		{6525A8C3-550E-3BCD-B36B-C3E9883FA1E4} = {6525A8C3-550E-3BCD-B36B-C3E9883FA1E4}
	EndProjectSection
EndProject
Global
	GlobalSection(SolutionConfigurationPlatforms) = preSolution
		Debug|win32 = Debug|win32
		Release|win32 = Release|win32
	EndGlobalSection
	GlobalSection(ProjectConfigurationPlatforms) = postSolution
		{6CFA391B-A76D-3324-803A-254698824295}.Debug|win32.ActiveCfg = Debug|win32
		{6CFA391B-A76D-3324-803A-254698824295}.Release|win32.ActiveCfg = Release|win32
		{ED6A12B9-DF8B-3704-8719-2B5AD6445B4C}.Debug|win32.ActiveCfg = Debug|win32
		{ED6A12B9-DF8B-3704-8719-2B5AD6445B4C}.Debug|win32.Build.0 = Debug|win32
		{ED6A12B9-DF8B-3704-8719-2B5AD6445B4C}.Release|win32.ActiveCfg = Release|win32
		{ED6A12B9-DF8B-3704-8719-2B5AD6445B4C}.Release|win32.Build.0 = Release|win32
		{9109BADD-BCE2-39B9-94E3-2229117725AD}.Debug|win32.ActiveCfg = Debug|win32
		{9109BADD-BCE2-39B9-94E3-2229117725AD}.Debug|win32.Build.0 = Debug|win32
		{9109BADD-BCE2-39B9-94E3-2229117725AD}.Release|win32.ActiveCfg = Release|win32
		{9109BADD-BCE2-39B9-94E3-2229117725AD}.Release|win32.Build.0 = Release|win32
		{24C3C18F-3467-3838-B750-9ED9D3E6F37D}.Debug|win32.ActiveCfg = Debug|win32
		{24C3C18F-3467-3838-B750-9ED9D3E6F37D}.Debug|win32.Build.0 = Debug|win32
		{24C3C18F-3467-3838-B750-9ED9D3E6F37D}.Release|win32.ActiveCfg = Release|win32
		{24C3C18F-3467-3838-B750-9ED9D3E6F37D}.Release|win32.Build.0 = Release|win32
		{E3643AC9-F593-3EDD-AAD3-73493B863A6F}.Debug|win32.ActiveCfg = Debug|win32
		{E3643AC9-F593-3EDD-AAD3-73493B863A6F}.Debug|win32.Build.0 = Debug|win32
		{E3643AC9-F593-3EDD-AAD3-73493B863A6F}.Release|win32.ActiveCfg = Release|win32
		{E3643AC9-F593-3EDD-AAD3-73493B863A6F}.Release|win32.Build.0 = Release|win32
		{A246074D-217F-3D90-80E3-F7EA067E743F}.Debug|win32.ActiveCfg = Debug|win32
		{A246074D-217F-3D90-80E3-F7EA067E743F}.Debug|win32.Build.0 = Debug|win32
		{A246074D-217F-3D90-80E3-F7EA067E743F}.Release|win32.ActiveCfg = Release|win32
		{A246074D-217F-3D90-80E3-F7EA067E743F}.Release|win32.Build.0 = Release|win32
		{1D6712F2-ABFE-3A29-AE5E-B56236AA5A00}.Debug|win32.ActiveCfg = Debug|win32
		{1D6712F2-ABFE-3A29-AE5E-B56236AA5A00}.Debug|win32.Build.0 = Debug|win32
		{1D6712F2-ABFE-3A29-AE5E-B56236AA5A00}.Release|win32.ActiveCfg = Release|win32
		{1D6712F2-ABFE-3A29-AE5E-B56236AA5A00}.Release|win32.Build.0 = Release|win32
		{7B8999FF-519E-3548-AAD7-5F253BED7700}.Debug|win32.ActiveCfg = Debug|win32
		{7B8999FF-519E-3548-AAD7-5F253BED7700}.Debug|win32.Build.0 = Debug|win32
		{7B8999FF-519E-3548-AAD7-5F253BED7700}.Release|win32.ActiveCfg = Release|win32
		{7B8999FF-519E-3548-AAD7-5F253BED7700}.Release|win32.Build.0 = Release|win32
		{1A378E98-1064-38E1-A552-7657A9049B43}.Debug|win32.ActiveCfg = Debug|win32
		{1A378E98-1064-38E1-A552-7657A9049B43}.Debug|win32.Build.0 = Debug|win32
		{1A378E98-1064-38E1-A552-7657A9049B43}.Release|win32.ActiveCfg = Release|win32
		{1A378E98-1064-38E1-A552-7657A9049B43}.Release|win32.Build.0 = Release|win32
		{BC70EA17-1733-327B-B375-37905C13F9BD}.Debug|win32.ActiveCfg = Debug|win32
		{BC70EA17-1733-327B-B375-37905C13F9BD}.Debug|win32.Build.0 = Debug|win32
		{BC70EA17-1733-327B-B375-37905C13F9BD}.Release|win32.ActiveCfg = Release|win32
		{BC70EA17-1733-327B-B375-37905C13F9BD}.Release|win32.Build.0 = Release|win32
		{BFD14745-FDCB-3A81-9C36-C9756A4B3F66}.Debug|win32.ActiveCfg = Debug|win32
		{BFD14745-FDCB-3A81-9C36-C9756A4B3F66}.Debug|win32.Build.0 = Debug|win32
		{BFD14745-FDCB-3A81-9C36-C9756A4B3F66}.Release|win32.ActiveCfg = Release|win32
		{BFD14745-FDCB-3A81-9C36-C9756A4B3F66}.Release|win32.Build.0 = Release|win32
		{DB647F4E-9F52-3E18-94DA-0059F82916CF}.Debug|win32.ActiveCfg = Debug|win32
		{DB647F4E-9F52-3E18-94DA-0059F82916CF}.Debug|win32.Build.0 = Debug|win32
		{DB647F4E-9F52-3E18-94DA-0059F82916CF}.Release|win32.ActiveCfg = Release|win32
		{DB647F4E-9F52-3E18-94DA-0059F82916CF}.Release|win32.Build.0 = Release|win32
		{40D00907-010B-3F3B-A94D-43B99BD38A8C}.Debug|win32.ActiveCfg = Debug|win32
		{40D00907-010B-3F3B-A94D-43B99BD38A8C}.Debug|win32.Build.0 = Debug|win32
		{40D00907-010B-3F3B-A94D-43B99BD38A8C}.Release|win32.ActiveCfg = Release|win32
		{40D00907-010B-3F3B-A94D-43B99BD38A8C}.Release|win32.Build.0 = Release|win32
		{6525A8C3-550E-3BCD-B36B-C3E9883FA1E4}.Debug|win32.ActiveCfg = Debug|win32
		{6525A8C3-550E-3BCD-B36B-C3E9883FA1E4}.Debug|win32.Build.0 = Debug|win32
		{6525A8C3-550E-3BCD-B36B-C3E9883FA1E4}.Release|win32.ActiveCfg = Release|win32
		{6525A8C3-550E-3BCD-B36B-C3E9883FA1E4}.Release|win32.Build.0 = Release|win32
		{7B46316B-C685-3357-9B4F-D2FE52EBBA1F}.Debug|win32.ActiveCfg = Debug|win32
		{7B46316B-C685-3357-9B4F-D2FE52EBBA1F}.Debug|win32.Build.0 = Debug|win32
		{7B46316B-C685-3357-9B4F-D2FE52EBBA1F}.Release|win32.ActiveCfg = Release|win32
		{7B46316B-C685-3357-9B4F-D2FE52EBBA1F}.Release|win32.Build.0 = Release|win32
	EndGlobalSection
	GlobalSection(NestedProjects) = preSolution
		{6CFA391B-A76D-3324-803A-254698824295} = {6C620653-AFF0-3F3B-A4AA-A38B42E514F4}
		{ED6A12B9-DF8B-3704-8719-2B5AD6445B4C} = {6C620653-AFF0-3F3B-A4AA-A38B42E514F4}
		{24C3C18F-3467-3838-B750-9ED9D3E6F37D} = {B51F7800-EF8A-351C-911C-F663AD10FE0A}
		{E3643AC9-F593-3EDD-AAD3-73493B863A6F} = {B51F7800-EF8A-351C-911C-F663AD10FE0A}
		{A246074D-217F-3D90-80E3-F7EA067E743F} = {B51F7800-EF8A-351C-911C-F663AD10FE0A}
		{1D6712F2-ABFE-3A29-AE5E-B56236AA5A00} = {B51F7800-EF8A-351C-911C-F663AD10FE0A}
		{7B8999FF-519E-3548-AAD7-5F253BED7700} = {B51F7800-EF8A-351C-911C-F663AD10FE0A}
		{1A378E98-1064-38E1-A552-7657A9049B43} = {B51F7800-EF8A-351C-911C-F663AD10FE0A}
		{BC70EA17-1733-327B-B375-37905C13F9BD} = {B51F7800-EF8A-351C-911C-F663AD10FE0A}
		{BFD14745-FDCB-3A81-9C36-C9756A4B3F66} = {B51F7800-EF8A-351C-911C-F663AD10FE0A}
		{DB647F4E-9F52-3E18-94DA-0059F82916CF} = {B51F7800-EF8A-351C-911C-F663AD10FE0A}
		{40D00907-010B-3F3B-A94D-43B99BD38A8C} = {B51F7800-EF8A-351C-911C-F663AD10FE0A}
		{6525A8C3-550E-3BCD-B36B-C3E9883FA1E4} = {B51F7800-EF8A-351C-911C-F663AD10FE0A}
		{9109BADD-BCE2-39B9-94E3-2229117725AD} = {3FEA08CA-0CB3-3B1C-9549-313072945815}
	EndGlobalSection
	GlobalSection(ExtensibilityGlobals) = postSolution
		SolutionGuid = {85665D46-5C9C-3FE1-A660-FB83B7AB6781}
	EndGlobalSection
	GlobalSection(ExtensibilityAddIns) = postSolution
	EndGlobalSection
EndGlobal
